# THIS IS AN AUTOGENERATED FILE. DO NOT EDIT THIS FILE DIRECTLY.
# yarn lockfile v1


"@types/dotenv-flow@3.2.0":
  version "3.2.0"
  resolved "https://registry.yarnpkg.com/@types/dotenv-flow/-/dotenv-flow-3.2.0.tgz#3a632bcb72d5a6fa770da644a1f63d69a6c7075e"
  integrity sha512-A79hbPwocbYkcTwGcDOFbKDuqyVo5mLAz/6Iq465YZ7R7Go5bT1PIM8I2jlPQkaD9u9fbotGVLkUPhX+9XUHfw==

"@types/node@18.19.1":
  version "18.19.1"
  resolved "https://registry.yarnpkg.com/@types/node/-/node-18.19.1.tgz#e3ed7d5ab5ea21f33a4503decb2171e0d8f53070"
  integrity sha512-mZJ9V11gG5Vp0Ox2oERpeFDl+JvCwK24PGy76vVY/UgBtjwJWc5rYBThFxmbnYOm9UPZNm6wEl/sxHt2SU7x9A==
  dependencies:
    undici-types "~5.26.4"

"@vercel/ncc@0.33.1":
  version "0.33.1"
  resolved "https://registry.yarnpkg.com/@vercel/ncc/-/ncc-0.33.1.tgz#b240080a3c1ded9446a30955a06a79851bb38f71"
  integrity sha512-Mlsps/P0PLZwsCFtSol23FGqT3FhBGb4B1AuGQ52JTAtXhak+b0Fh/4T55r0/SVQPeRiX9pNItOEHwakGPmZYA==

dotenv-expand@8.0.1:
  version "8.0.1"
  resolved "https://registry.yarnpkg.com/dotenv-expand/-/dotenv-expand-8.0.1.tgz#332aa17c14b12e28e2e230f8d183eecc1c014fdc"
  integrity sha512-j/Ih7bIERDR5PzI89Zu8ayd3tXZ6E3dbY0ljQ9Db0K87qBO8zdLsi2dIvDHMWtjC3Yxb8XixOTHAtia0fDHRpg==

dotenv-flow@3.2.0:
  version "3.2.0"
  resolved "https://registry.yarnpkg.com/dotenv-flow/-/dotenv-flow-3.2.0.tgz#a5d79dd60ddb6843d457a4874aaf122cf659a8b7"
  integrity sha512-GEB6RrR4AbqDJvNSFrYHqZ33IKKbzkvLYiD5eo4+9aFXr4Y4G+QaFrB/fNp0y6McWBmvaPn3ZNjIufnj8irCtg==
  dependencies:
    dotenv "^8.0.0"

dotenv@^8.0.0:
  version "8.6.0"
  resolved "https://registry.yarnpkg.com/dotenv/-/dotenv-8.6.0.tgz#061af664d19f7f4d8fc6e4ff9b584ce237adcb8b"
  integrity sha512-IrPdXQsk2BbzvCBGBOTmmSH5SodmqZNt4ERAZDmW4CT+tL8VtvinqywuANaFu4bOMWki16nqf0e4oC0QIaDr/g==

typescript@5.4.2:
  version "5.4.2"
  resolved "https://registry.yarnpkg.com/typescript/-/typescript-5.4.2.tgz#0ae9cebcfae970718474fe0da2c090cad6577372"
  integrity sha512-+2/g0Fds1ERlP6JsakQQDXjZdZMM+rqpamFZJEKh4kwTIn3iDkgKtby0CeNd5ATNZ4Ry1ax15TMx0W2V+miizQ==

undici-types@~5.26.4:
  version "5.26.5"
  resolved "https://registry.yarnpkg.com/undici-types/-/undici-types-5.26.5.tgz#bcd539893d00b56e964fd2657a4866b221a65617"
  integrity sha512-JlCMO+ehdEIKqlFxk6IfVoAUVmgz7cU7zD/h9XZ0qzeosSHmUJVOzSQvvYSYWXkFXC+IfLKSIffhv0sVZup6pA==
